
Microsoft Visual Studio Solution File, Format Version 12.00
# Visual Studio Version 17
VisualStudioVersion = 17.0.31919.166
MinimumVisualStudioVersion = 10.0.40219.1
Project("{FAE04EC0-301F-11D3-BF4B-00C04F79EFBC}") = "Git_Test", "Git_Test\Git_Test.csproj", "{DD47433C-1597-4A76-8E8A-2C17375E352D}"
EndProject
Global
	GlobalSection(SolutionConfigurationPlatforms) = preSolution
		Debug|Any CPU = Debug|Any CPU
		Release|Any CPU = Release|Any CPU
	EndGlobalSection
	GlobalSection(ProjectConfigurationPlatforms) = postSolution
		{DD47433C-1597-4A76-8E8A-2C17375E352D}.Debug|Any CPU.ActiveCfg = Debug|Any CPU
		{DD47433C-1597-4A76-8E8A-2C17375E352D}.Debug|Any CPU.Build.0 = Debug|Any CPU
		{DD47433C-1597-4A76-8E8A-2C17375E352D}.Release|Any CPU.ActiveCfg = Release|Any CPU
		{DD47433C-1597-4A76-8E8A-2C17375E352D}.Release|Any CPU.Build.0 = Release|Any CPU
	EndGlobalSection
	GlobalSection(SolutionProperties) = preSolution
		HideSolutionNode = FALSE
	EndGlobalSection
	GlobalSection(ExtensibilityGlobals) = postSolution
		SolutionGuid = {BCE806F9-1DA5-4935-BED3-FBAE488CA2FE}
	EndGlobalSection
EndGlobal
